PODS:
  - Capacitor (2.4.2):
    - CapacitorCordova
  - CapacitorCordova (2.4.2)
  - SwiftKeychainWrapper (3.4.0)

DEPENDENCIES:
  - "Capacitor (from `../node_modules/@capacitor/ios`)"
  - "CapacitorCordova (from `../node_modules/@capacitor/ios`)"
  - SwiftKeychainWrapper

SPEC REPOS:
  trunk:
    - SwiftKeychainWrapper

EXTERNAL SOURCES:
  Capacitor:
    :path: "../node_modules/@capacitor/ios"
  CapacitorCordova:
    :path: "../node_modules/@capacitor/ios"

SPEC CHECKSUMS:
  Capacitor: 99a3d85b31f782d6b58bd9e3f2de4ed719c94d51
  CapacitorCordova: 64114f68ed75e409d37a8e1129c0038b3a0cec0d
  SwiftKeychainWrapper: 6fc49fbf7d4a6b0772917acb0e53a1639f6078d6

PODFILE CHECKSUM: 89abfa6e77d55165676cfe663a8881052ffa1cc4

COCOAPODS: 1.10.0
