PODS:
  - Capacitor (1.5.0):
    - CapacitorCordova (= 1.5.0)
  - CapacitorCordova (1.5.0)
  - SwiftKeychainWrapper (3.4.0)

DEPENDENCIES:
  - "Capacitor (from `../node_modules/@capacitor/ios`)"
  - SwiftKeychainWrapper

SPEC REPOS:
  trunk:
    - CapacitorCordova
    - SwiftKeychainWrapper

EXTERNAL SOURCES:
  Capacitor:
    :path: "../node_modules/@capacitor/ios"

SPEC CHECKSUMS:
  Capacitor: 667658ab58e5a2e8465238eef7c6c5df46738688
  CapacitorCordova: 5b03f0b903bf066a8f3187e848252227190b681a
  SwiftKeychainWrapper: 6fc49fbf7d4a6b0772917acb0e53a1639f6078d6

PODFILE CHECKSUM: edc10c72bdeb1ceeee398cbcc928015baa19504f

COCOAPODS: 1.9.0
