PODS:
  - Capacitor (6.1.2):
    - CapacitorCordova
  - CapacitorApp (6.0.1):
    - Capacitor
  - CapacitorCordova (6.1.2)
  - CapacitorHaptics (6.0.1):
    - Capacitor
  - CapacitorKeyboard (6.0.2):
    - Capacitor
  - CapacitorStatusBar (6.0.1):
    - Capacitor
  - EvvaCapacitorSecureStoragePlugin (3.0.0):
    - Capacitor
    - SimpleKeychain
  - SimpleKeychain (1.2.0)

DEPENDENCIES:
  - "Capacitor (from `../../node_modules/@capacitor/ios`)"
  - "CapacitorApp (from `../../node_modules/@capacitor/app`)"
  - "CapacitorCordova (from `../../node_modules/@capacitor/ios`)"
  - "CapacitorHaptics (from `../../node_modules/@capacitor/haptics`)"
  - "CapacitorKeyboard (from `../../node_modules/@capacitor/keyboard`)"
  - "CapacitorStatusBar (from `../../node_modules/@capacitor/status-bar`)"
  - EvvaCapacitorSecureStoragePlugin (from `../../..`)

SPEC REPOS:
  trunk:
    - SimpleKeychain

EXTERNAL SOURCES:
  Capacitor:
    :path: "../../node_modules/@capacitor/ios"
  CapacitorApp:
    :path: "../../node_modules/@capacitor/app"
  CapacitorCordova:
    :path: "../../node_modules/@capacitor/ios"
  CapacitorHaptics:
    :path: "../../node_modules/@capacitor/haptics"
  CapacitorKeyboard:
    :path: "../../node_modules/@capacitor/keyboard"
  CapacitorStatusBar:
    :path: "../../node_modules/@capacitor/status-bar"
  EvvaCapacitorSecureStoragePlugin:
    :path: "../../.."

SPEC CHECKSUMS:
  Capacitor: 679f9673fdf30597493a6362a5d5bf233d46abc2
  CapacitorApp: 0bc633b4eae40a1f32cd2834788fad3bc42da6a1
  CapacitorCordova: f48c89f96c319101cd2f0ce8a2b7449b5fb8b3dd
  CapacitorHaptics: fe689ade56ef20ec9b041a753c6da70c5d8ec9a9
  CapacitorKeyboard: 2700f9b18687be021e28b5a09b59eb151a46d5e0
  CapacitorStatusBar: b81d4fb5d4e0064c712018071b3ab4b810b39a63
  EvvaCapacitorSecureStoragePlugin: 097b7b14acf335a1db961ebe532790527ffc4c0f
  SimpleKeychain: 768cf43ae778b1c21816e94dddf01bb8ee96a075

PODFILE CHECKSUM: 98d2c61ca6500ddf0da3caeac1446063fe6bb0ff

COCOAPODS: 1.15.2
